
Microsoft Visual Studio Solution File, Format Version 12.00
# Visual Studio Version 17
VisualStudioVersion = 17.3.32929.385
MinimumVisualStudioVersion = 10.0.40219.1
Project("{2150E333-8FDC-42A3-9474-1A3956D46DE8}") = "Services", "Services", "{07738AF3-3AFA-4F24-A2B1-B5D0E27B6F2B}"
EndProject
Project("{2150E333-8FDC-42A3-9474-1A3956D46DE8}") = "Catalog", "Catalog", "{76AE8761-9899-4D2E-A5AD-FCE3A5D1F3E1}"
EndProject
Project("{FAE04EC0-301F-11D3-BF4B-00C04F79EFBC}") = "Catalog.API", "Services\Catalog\Catalog.API\Catalog.API.csproj", "{36B55FB8-B51B-4151-80F5-6ECC3B61C127}"
EndProject
Global
	GlobalSection(SolutionConfigurationPlatforms) = preSolution
		Debug|Any CPU = Debug|Any CPU
		Release|Any CPU = Release|Any CPU
	EndGlobalSection
	GlobalSection(ProjectConfigurationPlatforms) = postSolution
		{36B55FB8-B51B-4151-80F5-6ECC3B61C127}.Debug|Any CPU.ActiveCfg = Debug|Any CPU
		{36B55FB8-B51B-4151-80F5-6ECC3B61C127}.Debug|Any CPU.Build.0 = Debug|Any CPU
		{36B55FB8-B51B-4151-80F5-6ECC3B61C127}.Release|Any CPU.ActiveCfg = Release|Any CPU
		{36B55FB8-B51B-4151-80F5-6ECC3B61C127}.Release|Any CPU.Build.0 = Release|Any CPU
	EndGlobalSection
	GlobalSection(SolutionProperties) = preSolution
		HideSolutionNode = FALSE
	EndGlobalSection
	GlobalSection(NestedProjects) = preSolution
		{76AE8761-9899-4D2E-A5AD-FCE3A5D1F3E1} = {07738AF3-3AFA-4F24-A2B1-B5D0E27B6F2B}
		{36B55FB8-B51B-4151-80F5-6ECC3B61C127} = {76AE8761-9899-4D2E-A5AD-FCE3A5D1F3E1}
	EndGlobalSection
	GlobalSection(ExtensibilityGlobals) = postSolution
		SolutionGuid = {03965C1D-3445-4589-80C8-AC4BE0ABDF92}
	EndGlobalSection
EndGlobal
