
Microsoft Visual Studio Solution File, Format Version 12.00
# Visual Studio Version 17
VisualStudioVersion = 17.3.32929.385
MinimumVisualStudioVersion = 10.0.40219.1
Project("{2150E333-8FDC-42A3-9474-1A3956D46DE8}") = "Services", "Services", "{07738AF3-3AFA-4F24-A2B1-B5D0E27B6F2B}"
EndProject
Project("{2150E333-8FDC-42A3-9474-1A3956D46DE8}") = "Catalog", "Catalog", "{76AE8761-9899-4D2E-A5AD-FCE3A5D1F3E1}"
EndProject
Project("{9A19103F-16F7-4668-BE54-9A1E7A4F7556}") = "Catalog.API", "Services\Catalog\Catalog.API\Catalog.API.csproj", "{36B55FB8-B51B-4151-80F5-6ECC3B61C127}"
EndProject
Project("{E53339B2-1760-4266-BCC7-CA923CBCF16C}") = "docker-compose", "docker-compose.dcproj", "{4154764D-E15B-4BEE-9DFE-D65849AFB4D0}"
EndProject
Project("{2150E333-8FDC-42A3-9474-1A3956D46DE8}") = "Basket", "Basket", "{AD91D0B6-1CF8-4C76-B389-67519B7243F0}"
EndProject
Project("{9A19103F-16F7-4668-BE54-9A1E7A4F7556}") = "Basket.API", "Services\Basket\Basket.API\Basket.API.csproj", "{07F07944-6B43-4097-BE5C-02BB43B7BD4B}"
EndProject
Project("{2150E333-8FDC-42A3-9474-1A3956D46DE8}") = "Discount", "Discount", "{63CDDEAC-9595-4259-A2BD-A18EAF27E009}"
EndProject
Project("{9A19103F-16F7-4668-BE54-9A1E7A4F7556}") = "Discount.API", "Services\Discount\Discount.API\Discount.API.csproj", "{E3B2FAC5-DAB1-44DA-8386-59BCE4BC0227}"
EndProject
Project("{FAE04EC0-301F-11D3-BF4B-00C04F79EFBC}") = "Discount.Grpc", "Services\Discount\Discount.Grpc\Discount.Grpc.csproj", "{40F5E87D-E3BF-4BC5-A7D8-885B8BA84333}"
EndProject
Global
	GlobalSection(SolutionConfigurationPlatforms) = preSolution
		Debug|Any CPU = Debug|Any CPU
		Release|Any CPU = Release|Any CPU
	EndGlobalSection
	GlobalSection(ProjectConfigurationPlatforms) = postSolution
		{36B55FB8-B51B-4151-80F5-6ECC3B61C127}.Debug|Any CPU.ActiveCfg = Debug|Any CPU
		{36B55FB8-B51B-4151-80F5-6ECC3B61C127}.Debug|Any CPU.Build.0 = Debug|Any CPU
		{36B55FB8-B51B-4151-80F5-6ECC3B61C127}.Release|Any CPU.ActiveCfg = Release|Any CPU
		{36B55FB8-B51B-4151-80F5-6ECC3B61C127}.Release|Any CPU.Build.0 = Release|Any CPU
		{4154764D-E15B-4BEE-9DFE-D65849AFB4D0}.Debug|Any CPU.ActiveCfg = Debug|Any CPU
		{4154764D-E15B-4BEE-9DFE-D65849AFB4D0}.Debug|Any CPU.Build.0 = Debug|Any CPU
		{4154764D-E15B-4BEE-9DFE-D65849AFB4D0}.Release|Any CPU.ActiveCfg = Release|Any CPU
		{4154764D-E15B-4BEE-9DFE-D65849AFB4D0}.Release|Any CPU.Build.0 = Release|Any CPU
		{07F07944-6B43-4097-BE5C-02BB43B7BD4B}.Debug|Any CPU.ActiveCfg = Debug|Any CPU
		{07F07944-6B43-4097-BE5C-02BB43B7BD4B}.Debug|Any CPU.Build.0 = Debug|Any CPU
		{07F07944-6B43-4097-BE5C-02BB43B7BD4B}.Release|Any CPU.ActiveCfg = Release|Any CPU
		{07F07944-6B43-4097-BE5C-02BB43B7BD4B}.Release|Any CPU.Build.0 = Release|Any CPU
		{E3B2FAC5-DAB1-44DA-8386-59BCE4BC0227}.Debug|Any CPU.ActiveCfg = Debug|Any CPU
		{E3B2FAC5-DAB1-44DA-8386-59BCE4BC0227}.Debug|Any CPU.Build.0 = Debug|Any CPU
		{E3B2FAC5-DAB1-44DA-8386-59BCE4BC0227}.Release|Any CPU.ActiveCfg = Release|Any CPU
		{E3B2FAC5-DAB1-44DA-8386-59BCE4BC0227}.Release|Any CPU.Build.0 = Release|Any CPU
		{40F5E87D-E3BF-4BC5-A7D8-885B8BA84333}.Debug|Any CPU.ActiveCfg = Debug|Any CPU
		{40F5E87D-E3BF-4BC5-A7D8-885B8BA84333}.Debug|Any CPU.Build.0 = Debug|Any CPU
		{40F5E87D-E3BF-4BC5-A7D8-885B8BA84333}.Release|Any CPU.ActiveCfg = Release|Any CPU
		{40F5E87D-E3BF-4BC5-A7D8-885B8BA84333}.Release|Any CPU.Build.0 = Release|Any CPU
	EndGlobalSection
	GlobalSection(SolutionProperties) = preSolution
		HideSolutionNode = FALSE
	EndGlobalSection
	GlobalSection(NestedProjects) = preSolution
		{76AE8761-9899-4D2E-A5AD-FCE3A5D1F3E1} = {07738AF3-3AFA-4F24-A2B1-B5D0E27B6F2B}
		{36B55FB8-B51B-4151-80F5-6ECC3B61C127} = {76AE8761-9899-4D2E-A5AD-FCE3A5D1F3E1}
		{AD91D0B6-1CF8-4C76-B389-67519B7243F0} = {07738AF3-3AFA-4F24-A2B1-B5D0E27B6F2B}
		{07F07944-6B43-4097-BE5C-02BB43B7BD4B} = {AD91D0B6-1CF8-4C76-B389-67519B7243F0}
		{63CDDEAC-9595-4259-A2BD-A18EAF27E009} = {07738AF3-3AFA-4F24-A2B1-B5D0E27B6F2B}
		{E3B2FAC5-DAB1-44DA-8386-59BCE4BC0227} = {63CDDEAC-9595-4259-A2BD-A18EAF27E009}
		{40F5E87D-E3BF-4BC5-A7D8-885B8BA84333} = {63CDDEAC-9595-4259-A2BD-A18EAF27E009}
	EndGlobalSection
	GlobalSection(ExtensibilityGlobals) = postSolution
		SolutionGuid = {03965C1D-3445-4589-80C8-AC4BE0ABDF92}
	EndGlobalSection
EndGlobal
